// !$*UTF8*$!
{
	archiveVersion = 1;
	classes = {
	};
	objectVersion = 52;
	objects = {

/* Begin PBXBuildFile section */
		8685935BC0C11E9D647DAADC /* Pods_PanSwift.framework in Frameworks */ = {isa = PBXBuildFile; fileRef = 34BF3E4145122FB01EE39C92 /* Pods_PanSwift.framework */; };
		9D09071628C201FE0097F276 /* HSIColor.metal in Sources */ = {isa = PBXBuildFile; fileRef = 9D09071528C201FE0097F276 /* HSIColor.metal */; };
		9D105E7F2616FAA8006667CB /* CombineCocoa in Frameworks */ = {isa = PBXBuildFile; productRef = 9D105E7E2616FAA8006667CB /* CombineCocoa */; };
		9D114BEF2880087100B590BE /* PMetalBlurFilter.swift in Sources */ = {isa = PBXBuildFile; fileRef = 9D114BEE2880087100B590BE /* PMetalBlurFilter.swift */; };
		9D1B0ED92856DCDD0042D772 /* MixerShader.metal in Sources */ = {isa = PBXBuildFile; fileRef = 9D1B0ED82856DCDD0042D772 /* MixerShader.metal */; };
		9D1B0EDB2856EFF00042D772 /* PMetalPIPMixer.swift in Sources */ = {isa = PBXBuildFile; fileRef = 9D1B0EDA2856EFF00042D772 /* PMetalPIPMixer.swift */; };
		9D1B0EDD285895160042D772 /* PCameraRecorder.swift in Sources */ = {isa = PBXBuildFile; fileRef = 9D1B0EDC285895160042D772 /* PCameraRecorder.swift */; };
		9D26AC2227F82F7B00C84F77 /* Lut滤镜封装.swift in Sources */ = {isa = PBXBuildFile; fileRef = 9D26AC2127F82F7B00C84F77 /* Lut滤镜封装.swift */; };
		9D26AC2427F83C4100C84F77 /* PCameraExtension.swift in Sources */ = {isa = PBXBuildFile; fileRef = 9D26AC2327F83C4100C84F77 /* PCameraExtension.swift */; };
		9D2AF71227BE37240063E975 /* 相机滤镜.swift in Sources */ = {isa = PBXBuildFile; fileRef = 9D2AF71127BE37240063E975 /* 相机滤镜.swift */; };
		9D2D04E0288144BA007D8CDF /* 滤镜链.swift in Sources */ = {isa = PBXBuildFile; fileRef = 9D2D04DF288144BA007D8CDF /* 滤镜链.swift */; };
		9D2FAD9C287EA3EF00E814A7 /* 深度相机.swift in Sources */ = {isa = PBXBuildFile; fileRef = 9D2FAD9B287EA3EF00E814A7 /* 深度相机.swift */; };
		9D2FAD9E287ED03E00E814A7 /* DepthShader.metal in Sources */ = {isa = PBXBuildFile; fileRef = 9D2FAD9D287ED03E00E814A7 /* DepthShader.metal */; };
		9D5AD905277C16E8004ECD57 /* face.png in Resources */ = {isa = PBXBuildFile; fileRef = 9D5AD904277C16E8004ECD57 /* face.png */; };
		9D5AD907277C171D004ECD57 /* 加载图片.swift in Sources */ = {isa = PBXBuildFile; fileRef = 9D5AD906277C171D004ECD57 /* 加载图片.swift */; };
		9D5EF1E526F2F7FF00D94537 /* TextureRenderer.metal in Sources */ = {isa = PBXBuildFile; fileRef = 9D5EF1E426F2F7FF00D94537 /* TextureRenderer.metal */; };
		9D65DE8F2615B41D0054724A /* AppDelegate.swift in Sources */ = {isa = PBXBuildFile; fileRef = 9D65DE8E2615B41D0054724A /* AppDelegate.swift */; };
		9D65DE912615B41D0054724A /* SceneDelegate.swift in Sources */ = {isa = PBXBuildFile; fileRef = 9D65DE902615B41D0054724A /* SceneDelegate.swift */; };
		9D65DE962615B41D0054724A /* Main.storyboard in Resources */ = {isa = PBXBuildFile; fileRef = 9D65DE942615B41D0054724A /* Main.storyboard */; };
		9D65DE982615B41F0054724A /* Assets.xcassets in Resources */ = {isa = PBXBuildFile; fileRef = 9D65DE972615B41F0054724A /* Assets.xcassets */; };
		9D65DE9B2615B41F0054724A /* LaunchScreen.storyboard in Resources */ = {isa = PBXBuildFile; fileRef = 9D65DE992615B41F0054724A /* LaunchScreen.storyboard */; };
		9D65DEA52615B60F0054724A /* SnapKit in Frameworks */ = {isa = PBXBuildFile; productRef = 9D65DEA42615B60F0054724A /* SnapKit */; };
		9D65DEAF2615D3470054724A /* CombineDataSources in Frameworks */ = {isa = PBXBuildFile; productRef = 9D65DEAE2615D3470054724A /* CombineDataSources */; };
		9D67460F26F1EFA800D7F71B /* MetalVC.swift in Sources */ = {isa = PBXBuildFile; fileRef = 9D67460E26F1EFA800D7F71B /* MetalVC.swift */; };
		9D69C4D827198DDD00EE9C49 /* Learning.metal in Sources */ = {isa = PBXBuildFile; fileRef = 9D69C4D727198DDD00EE9C49 /* Learning.metal */; };
		9D6A5C312735333D00EBBD7F /* 灯光.swift in Sources */ = {isa = PBXBuildFile; fileRef = 9D6A5C302735333D00EBBD7F /* 灯光.swift */; };
		9D6A5C332735428500EBBD7F /* LightShader.metal in Sources */ = {isa = PBXBuildFile; fileRef = 9D6A5C322735428500EBBD7F /* LightShader.metal */; };
		9D6BE4AE2851FE7E00AADD52 /* 多镜头相机.swift in Sources */ = {isa = PBXBuildFile; fileRef = 9D6BE4AD2851FE7E00AADD52 /* 多镜头相机.swift */; };
		9D6E054A27C4CA380021B5A1 /* IMG_0311.JPG in Resources */ = {isa = PBXBuildFile; fileRef = 9D6E054927C4CA370021B5A1 /* IMG_0311.JPG */; };
		9D6E054E27C4E5890021B5A1 /* PMetalLutFilter.swift in Sources */ = {isa = PBXBuildFile; fileRef = 9D6E054D27C4E5890021B5A1 /* PMetalLutFilter.swift */; };
		9D6F3350271440AD003E00D9 /* PMetalContext.swift in Sources */ = {isa = PBXBuildFile; fileRef = 9D6F334F271440AD003E00D9 /* PMetalContext.swift */; };
		9D6F3352271440FD003E00D9 /* PMetalLayer.swift in Sources */ = {isa = PBXBuildFile; fileRef = 9D6F3351271440FD003E00D9 /* PMetalLayer.swift */; };
		9D6F33542714415C003E00D9 /* 绘制矩形.swift in Sources */ = {isa = PBXBuildFile; fileRef = 9D6F33532714415C003E00D9 /* 绘制矩形.swift */; };
		9D7061E726244BFA0016653A /* Kingfisher in Frameworks */ = {isa = PBXBuildFile; productRef = 9D7061E626244BFA0016653A /* Kingfisher */; };
		9D83D601289B80D400E2997C /* RotationFilter.metal in Sources */ = {isa = PBXBuildFile; fileRef = 9D83D600289B80D400E2997C /* RotationFilter.metal */; };
		9D8C268526F591E10090153D /* primitive.obj in Resources */ = {isa = PBXBuildFile; fileRef = 9D8C268326F591E10090153D /* primitive.obj */; };
		9D8C268626F591E10090153D /* primitive.mtl in Resources */ = {isa = PBXBuildFile; fileRef = 9D8C268426F591E10090153D /* primitive.mtl */; };
		9D8C268926F598E40090153D /* 加载系统模型.swift in Sources */ = {isa = PBXBuildFile; fileRef = 9D8C268826F598E40090153D /* 加载系统模型.swift */; };
		9D8C268B26F59A430090153D /* MetalBasicVC.swift in Sources */ = {isa = PBXBuildFile; fileRef = 9D8C268A26F59A430090153D /* MetalBasicVC.swift */; };
		9D8C268D26F59C830090153D /* 加载本地模型.swift in Sources */ = {isa = PBXBuildFile; fileRef = 9D8C268C26F59C830090153D /* 加载本地模型.swift */; };
		9D8C269426F5EA070090153D /* untitled.mtl in Resources */ = {isa = PBXBuildFile; fileRef = 9D8C269226F5EA070090153D /* untitled.mtl */; };
		9D8C269526F5EA070090153D /* untitled.obj in Resources */ = {isa = PBXBuildFile; fileRef = 9D8C269326F5EA070090153D /* untitled.obj */; };
		9D8F09A628892E5E002E19AB /* PMetalGrayFilter.swift in Sources */ = {isa = PBXBuildFile; fileRef = 9D8F09A528892E5E002E19AB /* PMetalGrayFilter.swift */; };
		9D8F09A828892F63002E19AB /* GrayShader.metal in Sources */ = {isa = PBXBuildFile; fileRef = 9D8F09A728892F63002E19AB /* GrayShader.metal */; };
		9D9D776126F07E9D00F4F4BC /* Shaders.metal in Sources */ = {isa = PBXBuildFile; fileRef = 9D9D776026F07E9D00F4F4BC /* Shaders.metal */; };
		9DC2E29E26EF38CA00EB47C4 /* HSLog.swift in Sources */ = {isa = PBXBuildFile; fileRef = 9DC2E29D26EF38CA00EB47C4 /* HSLog.swift */; };
		9DC5EC6428CAEBED00685DB9 /* specline.png in Resources */ = {isa = PBXBuildFile; fileRef = 9DC5EC6328CAEBED00685DB9 /* specline.png */; };
		9DC85F882852F96E00B9FBE3 /* PCameraMultiManager.swift in Sources */ = {isa = PBXBuildFile; fileRef = 9DC85F872852F96E00B9FBE3 /* PCameraMultiManager.swift */; };
		9DC9D530279AB2DE007E7578 /* 相机预览.swift in Sources */ = {isa = PBXBuildFile; fileRef = 9DC9D52F279AB2DE007E7578 /* 相机预览.swift */; };
		9DC9D533279AB823007E7578 /* PCameraManager.swift in Sources */ = {isa = PBXBuildFile; fileRef = 9DC9D532279AB823007E7578 /* PCameraManager.swift */; };
		9DC9D535279ABB45007E7578 /* PCameraAuthorization.swift in Sources */ = {isa = PBXBuildFile; fileRef = 9DC9D534279ABB45007E7578 /* PCameraAuthorization.swift */; };
		9DCF055028646D9500AA207A /* PCameraUtils.swift in Sources */ = {isa = PBXBuildFile; fileRef = 9DCF054F28646D9500AA207A /* PCameraUtils.swift */; };
		9DE3997627857BF90020A937 /* Lut图片滤镜.swift in Sources */ = {isa = PBXBuildFile; fileRef = 9DE3997527857BF90020A937 /* Lut图片滤镜.swift */; };
		9DE3997A2785A9120020A937 /* LutFilter.metal in Sources */ = {isa = PBXBuildFile; fileRef = 9DE399792785A9120020A937 /* LutFilter.metal */; };
		9DE93E21277B0635009D8227 /* MetalGuide.md in Resources */ = {isa = PBXBuildFile; fileRef = 9DE93E20277B0635009D8227 /* MetalGuide.md */; };
		9DEEB4F328BF585200CBE23C /* 色坐标.swift in Sources */ = {isa = PBXBuildFile; fileRef = 9DEEB4F228BF585200CBE23C /* 色坐标.swift */; };
		9DF5A85128D8524600D42885 /* HSI.swift in Sources */ = {isa = PBXBuildFile; fileRef = 9DF5A85028D8524600D42885 /* HSI.swift */; };
		9DF5A85328D8525500D42885 /* HSV.swift in Sources */ = {isa = PBXBuildFile; fileRef = 9DF5A85228D8525500D42885 /* HSV.swift */; };
		9DF5A85528D856A500D42885 /* HSVColor.metal in Sources */ = {isa = PBXBuildFile; fileRef = 9DF5A85428D856A500D42885 /* HSVColor.metal */; };
		9DF5A85728D85E7400D42885 /* CIEColor.metal in Sources */ = {isa = PBXBuildFile; fileRef = 9DF5A85628D85E7400D42885 /* CIEColor.metal */; };
/* End PBXBuildFile section */

/* Begin PBXFileReference section */
		0240BE5BC34DCF676F01A978 /* Pods-PanSwift.release.xcconfig */ = {isa = PBXFileReference; includeInIndex = 1; lastKnownFileType = text.xcconfig; name = "Pods-PanSwift.release.xcconfig"; path = "Target Support Files/Pods-PanSwift/Pods-PanSwift.release.xcconfig"; sourceTree = "<group>"; };
		34BF3E4145122FB01EE39C92 /* Pods_PanSwift.framework */ = {isa = PBXFileReference; explicitFileType = wrapper.framework; includeInIndex = 0; path = Pods_PanSwift.framework; sourceTree = BUILT_PRODUCTS_DIR; };
		9D09071528C201FE0097F276 /* HSIColor.metal */ = {isa = PBXFileReference; lastKnownFileType = sourcecode.metal; path = HSIColor.metal; sourceTree = "<group>"; };
		9D114BEE2880087100B590BE /* PMetalBlurFilter.swift */ = {isa = PBXFileReference; lastKnownFileType = sourcecode.swift; path = PMetalBlurFilter.swift; sourceTree = "<group>"; };
		9D1B0ED82856DCDD0042D772 /* MixerShader.metal */ = {isa = PBXFileReference; lastKnownFileType = sourcecode.metal; path = MixerShader.metal; sourceTree = "<group>"; };
		9D1B0EDA2856EFF00042D772 /* PMetalPIPMixer.swift */ = {isa = PBXFileReference; lastKnownFileType = sourcecode.swift; path = PMetalPIPMixer.swift; sourceTree = "<group>"; };
		9D1B0EDC285895160042D772 /* PCameraRecorder.swift */ = {isa = PBXFileReference; lastKnownFileType = sourcecode.swift; path = PCameraRecorder.swift; sourceTree = "<group>"; };
		9D26AC2127F82F7B00C84F77 /* Lut滤镜封装.swift */ = {isa = PBXFileReference; lastKnownFileType = sourcecode.swift; path = "Lut滤镜封装.swift"; sourceTree = "<group>"; };
		9D26AC2327F83C4100C84F77 /* PCameraExtension.swift */ = {isa = PBXFileReference; lastKnownFileType = sourcecode.swift; path = PCameraExtension.swift; sourceTree = "<group>"; };
		9D2AF71127BE37240063E975 /* 相机滤镜.swift */ = {isa = PBXFileReference; lastKnownFileType = sourcecode.swift; path = "相机滤镜.swift"; sourceTree = "<group>"; };
		9D2D04DF288144BA007D8CDF /* 滤镜链.swift */ = {isa = PBXFileReference; lastKnownFileType = sourcecode.swift; path = "滤镜链.swift"; sourceTree = "<group>"; };
		9D2FAD9B287EA3EF00E814A7 /* 深度相机.swift */ = {isa = PBXFileReference; lastKnownFileType = sourcecode.swift; path = "深度相机.swift"; sourceTree = "<group>"; };
		9D2FAD9D287ED03E00E814A7 /* DepthShader.metal */ = {isa = PBXFileReference; lastKnownFileType = sourcecode.metal; path = DepthShader.metal; sourceTree = "<group>"; };
		9D5AD904277C16E8004ECD57 /* face.png */ = {isa = PBXFileReference; lastKnownFileType = image.png; path = face.png; sourceTree = "<group>"; };
		9D5AD906277C171D004ECD57 /* 加载图片.swift */ = {isa = PBXFileReference; lastKnownFileType = sourcecode.swift; path = "加载图片.swift"; sourceTree = "<group>"; };
		9D5EF1E426F2F7FF00D94537 /* TextureRenderer.metal */ = {isa = PBXFileReference; fileEncoding = 4; lastKnownFileType = sourcecode.metal; path = TextureRenderer.metal; sourceTree = "<group>"; };
		9D65DE8B2615B41D0054724A /* PanSwift.app */ = {isa = PBXFileReference; explicitFileType = wrapper.application; includeInIndex = 0; path = PanSwift.app; sourceTree = BUILT_PRODUCTS_DIR; };
		9D65DE8E2615B41D0054724A /* AppDelegate.swift */ = {isa = PBXFileReference; lastKnownFileType = sourcecode.swift; path = AppDelegate.swift; sourceTree = "<group>"; };
		9D65DE902615B41D0054724A /* SceneDelegate.swift */ = {isa = PBXFileReference; lastKnownFileType = sourcecode.swift; path = SceneDelegate.swift; sourceTree = "<group>"; };
		9D65DE952615B41D0054724A /* Base */ = {isa = PBXFileReference; lastKnownFileType = file.storyboard; name = Base; path = Base.lproj/Main.storyboard; sourceTree = "<group>"; };
		9D65DE972615B41F0054724A /* Assets.xcassets */ = {isa = PBXFileReference; lastKnownFileType = folder.assetcatalog; path = Assets.xcassets; sourceTree = "<group>"; };
		9D65DE9A2615B41F0054724A /* Base */ = {isa = PBXFileReference; lastKnownFileType = file.storyboard; name = Base; path = Base.lproj/LaunchScreen.storyboard; sourceTree = "<group>"; };
		9D65DE9C2615B41F0054724A /* Info.plist */ = {isa = PBXFileReference; lastKnownFileType = text.plist.xml; path = Info.plist; sourceTree = "<group>"; };
		9D67460E26F1EFA800D7F71B /* MetalVC.swift */ = {isa = PBXFileReference; lastKnownFileType = sourcecode.swift; path = MetalVC.swift; sourceTree = "<group>"; };
		9D69860B27181E9A0022FB41 /* PanSwift-Bridging-Header.h */ = {isa = PBXFileReference; fileEncoding = 4; lastKnownFileType = sourcecode.c.h; path = "PanSwift-Bridging-Header.h"; sourceTree = "<group>"; };
		9D69C4D727198DDD00EE9C49 /* Learning.metal */ = {isa = PBXFileReference; lastKnownFileType = sourcecode.metal; path = Learning.metal; sourceTree = "<group>"; };
		9D6A5C302735333D00EBBD7F /* 灯光.swift */ = {isa = PBXFileReference; lastKnownFileType = sourcecode.swift; path = "灯光.swift"; sourceTree = "<group>"; };
		9D6A5C322735428500EBBD7F /* LightShader.metal */ = {isa = PBXFileReference; lastKnownFileType = sourcecode.metal; path = LightShader.metal; sourceTree = "<group>"; };
		9D6BE4AD2851FE7E00AADD52 /* 多镜头相机.swift */ = {isa = PBXFileReference; lastKnownFileType = sourcecode.swift; path = "多镜头相机.swift"; sourceTree = "<group>"; };
		9D6E054927C4CA370021B5A1 /* IMG_0311.JPG */ = {isa = PBXFileReference; lastKnownFileType = image.jpeg; path = IMG_0311.JPG; sourceTree = "<group>"; };
		9D6E054D27C4E5890021B5A1 /* PMetalLutFilter.swift */ = {isa = PBXFileReference; lastKnownFileType = sourcecode.swift; path = PMetalLutFilter.swift; sourceTree = "<group>"; };
		9D6F334F271440AD003E00D9 /* PMetalContext.swift */ = {isa = PBXFileReference; lastKnownFileType = sourcecode.swift; path = PMetalContext.swift; sourceTree = "<group>"; };
		9D6F3351271440FD003E00D9 /* PMetalLayer.swift */ = {isa = PBXFileReference; lastKnownFileType = sourcecode.swift; path = PMetalLayer.swift; sourceTree = "<group>"; };
		9D6F33532714415C003E00D9 /* 绘制矩形.swift */ = {isa = PBXFileReference; lastKnownFileType = sourcecode.swift; path = "绘制矩形.swift"; sourceTree = "<group>"; };
		9D83D600289B80D400E2997C /* RotationFilter.metal */ = {isa = PBXFileReference; lastKnownFileType = sourcecode.metal; path = RotationFilter.metal; sourceTree = "<group>"; };
		9D8C268326F591E10090153D /* primitive.obj */ = {isa = PBXFileReference; fileEncoding = 4; lastKnownFileType = text; path = primitive.obj; sourceTree = "<group>"; };
		9D8C268426F591E10090153D /* primitive.mtl */ = {isa = PBXFileReference; fileEncoding = 4; lastKnownFileType = text; path = primitive.mtl; sourceTree = "<group>"; };
		9D8C268826F598E40090153D /* 加载系统模型.swift */ = {isa = PBXFileReference; lastKnownFileType = sourcecode.swift; path = "加载系统模型.swift"; sourceTree = "<group>"; };
		9D8C268A26F59A430090153D /* MetalBasicVC.swift */ = {isa = PBXFileReference; lastKnownFileType = sourcecode.swift; path = MetalBasicVC.swift; sourceTree = "<group>"; };
		9D8C268C26F59C830090153D /* 加载本地模型.swift */ = {isa = PBXFileReference; lastKnownFileType = sourcecode.swift; path = "加载本地模型.swift"; sourceTree = "<group>"; };
		9D8C269226F5EA070090153D /* untitled.mtl */ = {isa = PBXFileReference; fileEncoding = 4; lastKnownFileType = text; path = untitled.mtl; sourceTree = "<group>"; };
		9D8C269326F5EA070090153D /* untitled.obj */ = {isa = PBXFileReference; fileEncoding = 4; lastKnownFileType = text; path = untitled.obj; sourceTree = "<group>"; };
		9D8F09A528892E5E002E19AB /* PMetalGrayFilter.swift */ = {isa = PBXFileReference; lastKnownFileType = sourcecode.swift; path = PMetalGrayFilter.swift; sourceTree = "<group>"; };
		9D8F09A728892F63002E19AB /* GrayShader.metal */ = {isa = PBXFileReference; lastKnownFileType = sourcecode.metal; path = GrayShader.metal; sourceTree = "<group>"; };
		9D9D776026F07E9D00F4F4BC /* Shaders.metal */ = {isa = PBXFileReference; lastKnownFileType = sourcecode.metal; path = Shaders.metal; sourceTree = "<group>"; };
		9DC2E29D26EF38CA00EB47C4 /* HSLog.swift */ = {isa = PBXFileReference; lastKnownFileType = sourcecode.swift; path = HSLog.swift; sourceTree = "<group>"; };
		9DC5EC6328CAEBED00685DB9 /* specline.png */ = {isa = PBXFileReference; lastKnownFileType = image.png; path = specline.png; sourceTree = "<group>"; };
		9DC85F872852F96E00B9FBE3 /* PCameraMultiManager.swift */ = {isa = PBXFileReference; lastKnownFileType = sourcecode.swift; path = PCameraMultiManager.swift; sourceTree = "<group>"; };
		9DC9D52F279AB2DE007E7578 /* 相机预览.swift */ = {isa = PBXFileReference; lastKnownFileType = sourcecode.swift; path = "相机预览.swift"; sourceTree = "<group>"; };
		9DC9D532279AB823007E7578 /* PCameraManager.swift */ = {isa = PBXFileReference; lastKnownFileType = sourcecode.swift; path = PCameraManager.swift; sourceTree = "<group>"; };
		9DC9D534279ABB45007E7578 /* PCameraAuthorization.swift */ = {isa = PBXFileReference; lastKnownFileType = sourcecode.swift; path = PCameraAuthorization.swift; sourceTree = "<group>"; };
		9DCF054F28646D9500AA207A /* PCameraUtils.swift */ = {isa = PBXFileReference; lastKnownFileType = sourcecode.swift; path = PCameraUtils.swift; sourceTree = "<group>"; };
		9DE3997527857BF90020A937 /* Lut图片滤镜.swift */ = {isa = PBXFileReference; lastKnownFileType = sourcecode.swift; path = "Lut图片滤镜.swift"; sourceTree = "<group>"; };
		9DE399792785A9120020A937 /* LutFilter.metal */ = {isa = PBXFileReference; lastKnownFileType = sourcecode.metal; path = LutFilter.metal; sourceTree = "<group>"; };
		9DE93E20277B0635009D8227 /* MetalGuide.md */ = {isa = PBXFileReference; fileEncoding = 4; lastKnownFileType = net.daringfireball.markdown; path = MetalGuide.md; sourceTree = "<group>"; };
		9DEEB4F228BF585200CBE23C /* 色坐标.swift */ = {isa = PBXFileReference; lastKnownFileType = sourcecode.swift; path = "色坐标.swift"; sourceTree = "<group>"; };
		9DF5A85028D8524600D42885 /* HSI.swift */ = {isa = PBXFileReference; lastKnownFileType = sourcecode.swift; path = HSI.swift; sourceTree = "<group>"; };
		9DF5A85228D8525500D42885 /* HSV.swift */ = {isa = PBXFileReference; lastKnownFileType = sourcecode.swift; path = HSV.swift; sourceTree = "<group>"; };
		9DF5A85428D856A500D42885 /* HSVColor.metal */ = {isa = PBXFileReference; lastKnownFileType = sourcecode.metal; path = HSVColor.metal; sourceTree = "<group>"; };
		9DF5A85628D85E7400D42885 /* CIEColor.metal */ = {isa = PBXFileReference; lastKnownFileType = sourcecode.metal; path = CIEColor.metal; sourceTree = "<group>"; };
		BC22A69AF448C4CCEE1CE2B0 /* Pods-PanSwift.debug.xcconfig */ = {isa = PBXFileReference; includeInIndex = 1; lastKnownFileType = text.xcconfig; name = "Pods-PanSwift.debug.xcconfig"; path = "Target Support Files/Pods-PanSwift/Pods-PanSwift.debug.xcconfig"; sourceTree = "<group>"; };
/* End PBXFileReference section */

/* Begin PBXFrameworksBuildPhase section */
		9D65DE882615B41D0054724A /* Frameworks */ = {
			isa = PBXFrameworksBuildPhase;
			buildActionMask = 2147483647;
			files = (
				9D65DEA52615B60F0054724A /* SnapKit in Frameworks */,
				9D105E7F2616FAA8006667CB /* CombineCocoa in Frameworks */,
				9D65DEAF2615D3470054724A /* CombineDataSources in Frameworks */,
				9D7061E726244BFA0016653A /* Kingfisher in Frameworks */,
				8685935BC0C11E9D647DAADC /* Pods_PanSwift.framework in Frameworks */,
			);
			runOnlyForDeploymentPostprocessing = 0;
		};
/* End PBXFrameworksBuildPhase section */

/* Begin PBXGroup section */
		9D65DE822615B41D0054724A = {
			isa = PBXGroup;
			children = (
				9D65DE8D2615B41D0054724A /* PanSwift */,
				9D65DE8C2615B41D0054724A /* Products */,
				B551759ACEF6BCAB72EE3CCE /* Pods */,
				DE6103E428DA988213D2BB84 /* Frameworks */,
			);
			sourceTree = "<group>";
		};
		9D65DE8C2615B41D0054724A /* Products */ = {
			isa = PBXGroup;
			children = (
				9D65DE8B2615B41D0054724A /* PanSwift.app */,
			);
			name = Products;
			sourceTree = "<group>";
		};
		9D65DE8D2615B41D0054724A /* PanSwift */ = {
			isa = PBXGroup;
			children = (
				9D69860C271822880022FB41 /* Appdelegate */,
				9D8C268726F592540090153D /* Resource */,
				9D69860E271823610022FB41 /* Base */,
				9D6F334C27143E52003E00D9 /* PMetal */,
				9DC9D531279AB7F9007E7578 /* PCamera */,
				9D67460E26F1EFA800D7F71B /* MetalVC.swift */,
				9D8C268826F598E40090153D /* 加载系统模型.swift */,
				9D8C268C26F59C830090153D /* 加载本地模型.swift */,
				9D6F33532714415C003E00D9 /* 绘制矩形.swift */,
				9D6A5C302735333D00EBBD7F /* 灯光.swift */,
				9D5AD906277C171D004ECD57 /* 加载图片.swift */,
				9DE3997527857BF90020A937 /* Lut图片滤镜.swift */,
				9DC9D52F279AB2DE007E7578 /* 相机预览.swift */,
				9D2AF71127BE37240063E975 /* 相机滤镜.swift */,
				9D26AC2127F82F7B00C84F77 /* Lut滤镜封装.swift */,
				9D6BE4AD2851FE7E00AADD52 /* 多镜头相机.swift */,
				9D2FAD9B287EA3EF00E814A7 /* 深度相机.swift */,
				9D2D04DF288144BA007D8CDF /* 滤镜链.swift */,
				9DEEB4F228BF585200CBE23C /* 色坐标.swift */,
				9DF5A85028D8524600D42885 /* HSI.swift */,
				9DF5A85228D8525500D42885 /* HSV.swift */,
				9D69860D271823410022FB41 /* Supporting Files */,
			);
			path = PanSwift;
			sourceTree = "<group>";
		};
		9D69860C271822880022FB41 /* Appdelegate */ = {
			isa = PBXGroup;
			children = (
				9D65DE8E2615B41D0054724A /* AppDelegate.swift */,
				9D65DE902615B41D0054724A /* SceneDelegate.swift */,
			);
			path = Appdelegate;
			sourceTree = "<group>";
		};
		9D69860D271823410022FB41 /* Supporting Files */ = {
			isa = PBXGroup;
			children = (
				9D69860B27181E9A0022FB41 /* PanSwift-Bridging-Header.h */,
				9D65DE942615B41D0054724A /* Main.storyboard */,
				9D65DE972615B41F0054724A /* Assets.xcassets */,
				9D65DE992615B41F0054724A /* LaunchScreen.storyboard */,
				9D65DE9C2615B41F0054724A /* Info.plist */,
			);
			path = "Supporting Files";
			sourceTree = "<group>";
		};
		9D69860E271823610022FB41 /* Base */ = {
			isa = PBXGroup;
			children = (
				9D8C268A26F59A430090153D /* MetalBasicVC.swift */,
				9DC2E29D26EF38CA00EB47C4 /* HSLog.swift */,
			);
			path = Base;
			sourceTree = "<group>";
		};
		9D6F334C27143E52003E00D9 /* PMetal */ = {
			isa = PBXGroup;
			children = (
				9D6F334F271440AD003E00D9 /* PMetalContext.swift */,
				9D6F3351271440FD003E00D9 /* PMetalLayer.swift */,
				9D6E054D27C4E5890021B5A1 /* PMetalLutFilter.swift */,
				9D1B0EDA2856EFF00042D772 /* PMetalPIPMixer.swift */,
				9D114BEE2880087100B590BE /* PMetalBlurFilter.swift */,
				9D8F09A528892E5E002E19AB /* PMetalGrayFilter.swift */,
			);
			path = PMetal;
			sourceTree = "<group>";
		};
		9D8C268726F592540090153D /* Resource */ = {
			isa = PBXGroup;
			children = (
				9D5AD904277C16E8004ECD57 /* face.png */,
				9D6E054927C4CA370021B5A1 /* IMG_0311.JPG */,
				9DE93E20277B0635009D8227 /* MetalGuide.md */,
				9DC5EC6328CAEBED00685DB9 /* specline.png */,
				9DE93E23277B0ABE009D8227 /* 3D */,
				9DE93E22277B0A9E009D8227 /* Metal */,
			);
			path = Resource;
			sourceTree = "<group>";
		};
		9DC9D531279AB7F9007E7578 /* PCamera */ = {
			isa = PBXGroup;
			children = (
				9DC9D532279AB823007E7578 /* PCameraManager.swift */,
				9D1B0EDC285895160042D772 /* PCameraRecorder.swift */,
				9DC85F872852F96E00B9FBE3 /* PCameraMultiManager.swift */,
				9DC9D534279ABB45007E7578 /* PCameraAuthorization.swift */,
				9D26AC2327F83C4100C84F77 /* PCameraExtension.swift */,
				9DCF054F28646D9500AA207A /* PCameraUtils.swift */,
			);
			path = PCamera;
			sourceTree = "<group>";
		};
		9DE93E22277B0A9E009D8227 /* Metal */ = {
			isa = PBXGroup;
			children = (
				9D9D776026F07E9D00F4F4BC /* Shaders.metal */,
				9D5EF1E426F2F7FF00D94537 /* TextureRenderer.metal */,
				9D69C4D727198DDD00EE9C49 /* Learning.metal */,
				9D6A5C322735428500EBBD7F /* LightShader.metal */,
				9DE399792785A9120020A937 /* LutFilter.metal */,
				9D1B0ED82856DCDD0042D772 /* MixerShader.metal */,
				9D2FAD9D287ED03E00E814A7 /* DepthShader.metal */,
				9D8F09A728892F63002E19AB /* GrayShader.metal */,
				9D83D600289B80D400E2997C /* RotationFilter.metal */,
				9DF5A85628D85E7400D42885 /* CIEColor.metal */,
				9D09071528C201FE0097F276 /* HSIColor.metal */,
				9DF5A85428D856A500D42885 /* HSVColor.metal */,
			);
			path = Metal;
			sourceTree = "<group>";
		};
		9DE93E23277B0ABE009D8227 /* 3D */ = {
			isa = PBXGroup;
			children = (
				9D8C268426F591E10090153D /* primitive.mtl */,
				9D8C268326F591E10090153D /* primitive.obj */,
				9D8C269226F5EA070090153D /* untitled.mtl */,
				9D8C269326F5EA070090153D /* untitled.obj */,
			);
			path = 3D;
			sourceTree = "<group>";
		};
		B551759ACEF6BCAB72EE3CCE /* Pods */ = {
			isa = PBXGroup;
			children = (
				BC22A69AF448C4CCEE1CE2B0 /* Pods-PanSwift.debug.xcconfig */,
				0240BE5BC34DCF676F01A978 /* Pods-PanSwift.release.xcconfig */,
			);
			path = Pods;
			sourceTree = "<group>";
		};
		DE6103E428DA988213D2BB84 /* Frameworks */ = {
			isa = PBXGroup;
			children = (
				34BF3E4145122FB01EE39C92 /* Pods_PanSwift.framework */,
			);
			name = Frameworks;
			sourceTree = "<group>";
		};
/* End PBXGroup section */

/* Begin PBXNativeTarget section */
		9D65DE8A2615B41D0054724A /* PanSwift */ = {
			isa = PBXNativeTarget;
			buildConfigurationList = 9D65DE9F2615B41F0054724A /* Build configuration list for PBXNativeTarget "PanSwift" */;
			buildPhases = (
				6C09B887082762D9203D346C /* [CP] Check Pods Manifest.lock */,
				9D65DE872615B41D0054724A /* Sources */,
				9D65DE882615B41D0054724A /* Frameworks */,
				9D65DE892615B41D0054724A /* Resources */,
				3173170F1B2CC3ED0BD8178E /* [CP] Embed Pods Frameworks */,
			);
			buildRules = (
			);
			dependencies = (
			);
			name = PanSwift;
			packageProductDependencies = (
				9D65DEA42615B60F0054724A /* SnapKit */,
				9D65DEAE2615D3470054724A /* CombineDataSources */,
				9D105E7E2616FAA8006667CB /* CombineCocoa */,
				9D7061E626244BFA0016653A /* Kingfisher */,
			);
			productName = PanSwift;
			productReference = 9D65DE8B2615B41D0054724A /* PanSwift.app */;
			productType = "com.apple.product-type.application";
		};
/* End PBXNativeTarget section */

/* Begin PBXProject section */
		9D65DE832615B41D0054724A /* Project object */ = {
			isa = PBXProject;
			attributes = {
				LastSwiftUpdateCheck = 1240;
				LastUpgradeCheck = 1240;
				TargetAttributes = {
					9D65DE8A2615B41D0054724A = {
						CreatedOnToolsVersion = 12.4;
						LastSwiftMigration = 1250;
					};
				};
			};
			buildConfigurationList = 9D65DE862615B41D0054724A /* Build configuration list for PBXProject "PanSwift" */;
			compatibilityVersion = "Xcode 9.3";
			developmentRegion = en;
			hasScannedForEncodings = 0;
			knownRegions = (
				en,
				Base,
			);
			mainGroup = 9D65DE822615B41D0054724A;
			packageReferences = (
				9D65DEA32615B60F0054724A /* XCRemoteSwiftPackageReference "SnapKit" */,
				9D65DEAD2615D3470054724A /* XCRemoteSwiftPackageReference "CombineDataSources" */,
				9D105E7D2616FAA8006667CB /* XCRemoteSwiftPackageReference "CombineCocoa" */,
				9D7061E126244B730016653A /* XCRemoteSwiftPackageReference "Alamofire" */,
				9D7061E526244BFA0016653A /* XCRemoteSwiftPackageReference "Kingfisher" */,
			);
			productRefGroup = 9D65DE8C2615B41D0054724A /* Products */;
			projectDirPath = "";
			projectRoot = "";
			targets = (
				9D65DE8A2615B41D0054724A /* PanSwift */,
			);
		};
/* End PBXProject section */

/* Begin PBXResourcesBuildPhase section */
		9D65DE892615B41D0054724A /* Resources */ = {
			isa = PBXResourcesBuildPhase;
			buildActionMask = 2147483647;
			files = (
				9D65DE9B2615B41F0054724A /* LaunchScreen.storyboard in Resources */,
				9D65DE982615B41F0054724A /* Assets.xcassets in Resources */,
				9D5AD905277C16E8004ECD57 /* face.png in Resources */,
				9D8C269526F5EA070090153D /* untitled.obj in Resources */,
				9D8C268626F591E10090153D /* primitive.mtl in Resources */,
				9D65DE962615B41D0054724A /* Main.storyboard in Resources */,
				9DE93E21277B0635009D8227 /* MetalGuide.md in Resources */,
				9D8C269426F5EA070090153D /* untitled.mtl in Resources */,
				9DC5EC6428CAEBED00685DB9 /* specline.png in Resources */,
				9D6E054A27C4CA380021B5A1 /* IMG_0311.JPG in Resources */,
				9D8C268526F591E10090153D /* primitive.obj in Resources */,
			);
			runOnlyForDeploymentPostprocessing = 0;
		};
/* End PBXResourcesBuildPhase section */

/* Begin PBXShellScriptBuildPhase section */
		3173170F1B2CC3ED0BD8178E /* [CP] Embed Pods Frameworks */ = {
			isa = PBXShellScriptBuildPhase;
			buildActionMask = 2147483647;
			files = (
			);
			inputFileListPaths = (
				"${PODS_ROOT}/Target Support Files/Pods-PanSwift/Pods-PanSwift-frameworks-${CONFIGURATION}-input-files.xcfilelist",
			);
			name = "[CP] Embed Pods Frameworks";
			outputFileListPaths = (
				"${PODS_ROOT}/Target Support Files/Pods-PanSwift/Pods-PanSwift-frameworks-${CONFIGURATION}-output-files.xcfilelist",
			);
			runOnlyForDeploymentPostprocessing = 0;
			shellPath = /bin/sh;
			shellScript = "\"${PODS_ROOT}/Target Support Files/Pods-PanSwift/Pods-PanSwift-frameworks.sh\"\n";
			showEnvVarsInLog = 0;
		};
		6C09B887082762D9203D346C /* [CP] Check Pods Manifest.lock */ = {
			isa = PBXShellScriptBuildPhase;
			buildActionMask = 2147483647;
			files = (
			);
			inputFileListPaths = (
			);
			inputPaths = (
				"${PODS_PODFILE_DIR_PATH}/Podfile.lock",
				"${PODS_ROOT}/Manifest.lock",
			);
			name = "[CP] Check Pods Manifest.lock";
			outputFileListPaths = (
			);
			outputPaths = (
				"$(DERIVED_FILE_DIR)/Pods-PanSwift-checkManifestLockResult.txt",
			);
			runOnlyForDeploymentPostprocessing = 0;
			shellPath = /bin/sh;
			shellScript = "diff \"${PODS_PODFILE_DIR_PATH}/Podfile.lock\" \"${PODS_ROOT}/Manifest.lock\" > /dev/null\nif [ $? != 0 ] ; then\n    # print error to STDERR\n    echo \"error: The sandbox is not in sync with the Podfile.lock. Run 'pod install' or update your CocoaPods installation.\" >&2\n    exit 1\nfi\n# This output is used by Xcode 'outputs' to avoid re-running this script phase.\necho \"SUCCESS\" > \"${SCRIPT_OUTPUT_FILE_0}\"\n";
			showEnvVarsInLog = 0;
		};
/* End PBXShellScriptBuildPhase section */

/* Begin PBXSourcesBuildPhase section */
		9D65DE872615B41D0054724A /* Sources */ = {
			isa = PBXSourcesBuildPhase;
			buildActionMask = 2147483647;
			files = (
				9DF5A85528D856A500D42885 /* HSVColor.metal in Sources */,
				9D8C268926F598E40090153D /* 加载系统模型.swift in Sources */,
				9D114BEF2880087100B590BE /* PMetalBlurFilter.swift in Sources */,
				9D9D776126F07E9D00F4F4BC /* Shaders.metal in Sources */,
				9DEEB4F328BF585200CBE23C /* 色坐标.swift in Sources */,
				9D6F3350271440AD003E00D9 /* PMetalContext.swift in Sources */,
				9DF5A85128D8524600D42885 /* HSI.swift in Sources */,
				9D26AC2427F83C4100C84F77 /* PCameraExtension.swift in Sources */,
				9DC9D530279AB2DE007E7578 /* 相机预览.swift in Sources */,
				9D6E054E27C4E5890021B5A1 /* PMetalLutFilter.swift in Sources */,
				9DE3997627857BF90020A937 /* Lut图片滤镜.swift in Sources */,
				9D2FAD9E287ED03E00E814A7 /* DepthShader.metal in Sources */,
				9D6A5C312735333D00EBBD7F /* 灯光.swift in Sources */,
				9D65DE8F2615B41D0054724A /* AppDelegate.swift in Sources */,
				9DC9D533279AB823007E7578 /* PCameraManager.swift in Sources */,
				9D69C4D827198DDD00EE9C49 /* Learning.metal in Sources */,
				9D8F09A628892E5E002E19AB /* PMetalGrayFilter.swift in Sources */,
				9D67460F26F1EFA800D7F71B /* MetalVC.swift in Sources */,
				9D8F09A828892F63002E19AB /* GrayShader.metal in Sources */,
				9DF5A85728D85E7400D42885 /* CIEColor.metal in Sources */,
				9D5AD907277C171D004ECD57 /* 加载图片.swift in Sources */,
				9D09071628C201FE0097F276 /* HSIColor.metal in Sources */,
				9D65DE912615B41D0054724A /* SceneDelegate.swift in Sources */,
				9D6A5C332735428500EBBD7F /* LightShader.metal in Sources */,
				9DE3997A2785A9120020A937 /* LutFilter.metal in Sources */,
				9D2D04E0288144BA007D8CDF /* 滤镜链.swift in Sources */,
				9D6F33542714415C003E00D9 /* 绘制矩形.swift in Sources */,
				9D6F3352271440FD003E00D9 /* PMetalLayer.swift in Sources */,
				9DF5A85328D8525500D42885 /* HSV.swift in Sources */,
				9D1B0EDB2856EFF00042D772 /* PMetalPIPMixer.swift in Sources */,
				9D26AC2227F82F7B00C84F77 /* Lut滤镜封装.swift in Sources */,
				9D8C268D26F59C830090153D /* 加载本地模型.swift in Sources */,
				9D5EF1E526F2F7FF00D94537 /* TextureRenderer.metal in Sources */,
				9D6BE4AE2851FE7E00AADD52 /* 多镜头相机.swift in Sources */,
				9DCF055028646D9500AA207A /* PCameraUtils.swift in Sources */,
				9DC2E29E26EF38CA00EB47C4 /* HSLog.swift in Sources */,
				9DC85F882852F96E00B9FBE3 /* PCameraMultiManager.swift in Sources */,
				9D8C268B26F59A430090153D /* MetalBasicVC.swift in Sources */,
				9D83D601289B80D400E2997C /* RotationFilter.metal in Sources */,
				9DC9D535279ABB45007E7578 /* PCameraAuthorization.swift in Sources */,
				9D1B0ED92856DCDD0042D772 /* MixerShader.metal in Sources */,
				9D2FAD9C287EA3EF00E814A7 /* 深度相机.swift in Sources */,
				9D2AF71227BE37240063E975 /* 相机滤镜.swift in Sources */,
				9D1B0EDD285895160042D772 /* PCameraRecorder.swift in Sources */,
			);
			runOnlyForDeploymentPostprocessing = 0;
		};
/* End PBXSourcesBuildPhase section */

/* Begin PBXVariantGroup section */
		9D65DE942615B41D0054724A /* Main.storyboard */ = {
			isa = PBXVariantGroup;
			children = (
				9D65DE952615B41D0054724A /* Base */,
			);
			name = Main.storyboard;
			sourceTree = "<group>";
		};
		9D65DE992615B41F0054724A /* LaunchScreen.storyboard */ = {
			isa = PBXVariantGroup;
			children = (
				9D65DE9A2615B41F0054724A /* Base */,
			);
			name = LaunchScreen.storyboard;
			sourceTree = "<group>";
		};
/* End PBXVariantGroup section */

/* Begin XCBuildConfiguration section */
		9D65DE9D2615B41F0054724A /* Debug */ = {
			isa = XCBuildConfiguration;
			buildSettings = {
				ALWAYS_SEARCH_USER_PATHS = NO;
				CLANG_ANALYZER_NONNULL = YES;
				CLANG_ANALYZER_NUMBER_OBJECT_CONVERSION = YES_AGGRESSIVE;
				CLANG_CXX_LANGUAGE_STANDARD = "gnu++14";
				CLANG_CXX_LIBRARY = "libc++";
				CLANG_ENABLE_MODULES = YES;
				CLANG_ENABLE_OBJC_ARC = YES;
				CLANG_ENABLE_OBJC_WEAK = YES;
				CLANG_WARN_BLOCK_CAPTURE_AUTORELEASING = YES;
				CLANG_WARN_BOOL_CONVERSION = YES;
				CLANG_WARN_COMMA = YES;
				CLANG_WARN_CONSTANT_CONVERSION = YES;
				CLANG_WARN_DEPRECATED_OBJC_IMPLEMENTATIONS = YES;
				CLANG_WARN_DIRECT_OBJC_ISA_USAGE = YES_ERROR;
				CLANG_WARN_DOCUMENTATION_COMMENTS = YES;
				CLANG_WARN_EMPTY_BODY = YES;
				CLANG_WARN_ENUM_CONVERSION = YES;
				CLANG_WARN_INFINITE_RECURSION = YES;
				CLANG_WARN_INT_CONVERSION = YES;
				CLANG_WARN_NON_LITERAL_NULL_CONVERSION = YES;
				CLANG_WARN_OBJC_IMPLICIT_RETAIN_SELF = YES;
				CLANG_WARN_OBJC_LITERAL_CONVERSION = YES;
				CLANG_WARN_OBJC_ROOT_CLASS = YES_ERROR;
				CLANG_WARN_QUOTED_INCLUDE_IN_FRAMEWORK_HEADER = YES;
				CLANG_WARN_RANGE_LOOP_ANALYSIS = YES;
				CLANG_WARN_STRICT_PROTOTYPES = YES;
				CLANG_WARN_SUSPICIOUS_MOVE = YES;
				CLANG_WARN_UNGUARDED_AVAILABILITY = YES_AGGRESSIVE;
				CLANG_WARN_UNREACHABLE_CODE = YES;
				CLANG_WARN__DUPLICATE_METHOD_MATCH = YES;
				COPY_PHASE_STRIP = NO;
				DEBUG_INFORMATION_FORMAT = dwarf;
				ENABLE_STRICT_OBJC_MSGSEND = YES;
				ENABLE_TESTABILITY = YES;
				GCC_C_LANGUAGE_STANDARD = gnu11;
				GCC_DYNAMIC_NO_PIC = NO;
				GCC_NO_COMMON_BLOCKS = YES;
				GCC_OPTIMIZATION_LEVEL = 0;
				GCC_PREPROCESSOR_DEFINITIONS = (
					"DEBUG=1",
					"$(inherited)",
				);
				GCC_WARN_64_TO_32_BIT_CONVERSION = YES;
				GCC_WARN_ABOUT_RETURN_TYPE = YES_ERROR;
				GCC_WARN_UNDECLARED_SELECTOR = YES;
				GCC_WARN_UNINITIALIZED_AUTOS = YES_AGGRESSIVE;
				GCC_WARN_UNUSED_FUNCTION = YES;
				GCC_WARN_UNUSED_VARIABLE = YES;
				IPHONEOS_DEPLOYMENT_TARGET = 14.1;
				MTL_ENABLE_DEBUG_INFO = INCLUDE_SOURCE;
				MTL_FAST_MATH = YES;
				ONLY_ACTIVE_ARCH = YES;
				SDKROOT = iphoneos;
				SWIFT_ACTIVE_COMPILATION_CONDITIONS = DEBUG;
				SWIFT_OPTIMIZATION_LEVEL = "-Onone";
			};
			name = Debug;
		};
		9D65DE9E2615B41F0054724A /* Release */ = {
			isa = XCBuildConfiguration;
			buildSettings = {
				ALWAYS_SEARCH_USER_PATHS = NO;
				CLANG_ANALYZER_NONNULL = YES;
				CLANG_ANALYZER_NUMBER_OBJECT_CONVERSION = YES_AGGRESSIVE;
				CLANG_CXX_LANGUAGE_STANDARD = "gnu++14";
				CLANG_CXX_LIBRARY = "libc++";
				CLANG_ENABLE_MODULES = YES;
				CLANG_ENABLE_OBJC_ARC = YES;
				CLANG_ENABLE_OBJC_WEAK = YES;
				CLANG_WARN_BLOCK_CAPTURE_AUTORELEASING = YES;
				CLANG_WARN_BOOL_CONVERSION = YES;
				CLANG_WARN_COMMA = YES;
				CLANG_WARN_CONSTANT_CONVERSION = YES;
				CLANG_WARN_DEPRECATED_OBJC_IMPLEMENTATIONS = YES;
				CLANG_WARN_DIRECT_OBJC_ISA_USAGE = YES_ERROR;
				CLANG_WARN_DOCUMENTATION_COMMENTS = YES;
				CLANG_WARN_EMPTY_BODY = YES;
				CLANG_WARN_ENUM_CONVERSION = YES;
				CLANG_WARN_INFINITE_RECURSION = YES;
				CLANG_WARN_INT_CONVERSION = YES;
				CLANG_WARN_NON_LITERAL_NULL_CONVERSION = YES;
				CLANG_WARN_OBJC_IMPLICIT_RETAIN_SELF = YES;
				CLANG_WARN_OBJC_LITERAL_CONVERSION = YES;
				CLANG_WARN_OBJC_ROOT_CLASS = YES_ERROR;
				CLANG_WARN_QUOTED_INCLUDE_IN_FRAMEWORK_HEADER = YES;
				CLANG_WARN_RANGE_LOOP_ANALYSIS = YES;
				CLANG_WARN_STRICT_PROTOTYPES = YES;
				CLANG_WARN_SUSPICIOUS_MOVE = YES;
				CLANG_WARN_UNGUARDED_AVAILABILITY = YES_AGGRESSIVE;
				CLANG_WARN_UNREACHABLE_CODE = YES;
				CLANG_WARN__DUPLICATE_METHOD_MATCH = YES;
				COPY_PHASE_STRIP = NO;
				DEBUG_INFORMATION_FORMAT = "dwarf-with-dsym";
				ENABLE_NS_ASSERTIONS = NO;
				ENABLE_STRICT_OBJC_MSGSEND = YES;
				GCC_C_LANGUAGE_STANDARD = gnu11;
				GCC_NO_COMMON_BLOCKS = YES;
				GCC_WARN_64_TO_32_BIT_CONVERSION = YES;
				GCC_WARN_ABOUT_RETURN_TYPE = YES_ERROR;
				GCC_WARN_UNDECLARED_SELECTOR = YES;
				GCC_WARN_UNINITIALIZED_AUTOS = YES_AGGRESSIVE;
				GCC_WARN_UNUSED_FUNCTION = YES;
				GCC_WARN_UNUSED_VARIABLE = YES;
				IPHONEOS_DEPLOYMENT_TARGET = 14.1;
				MTL_ENABLE_DEBUG_INFO = NO;
				MTL_FAST_MATH = YES;
				SDKROOT = iphoneos;
				SWIFT_COMPILATION_MODE = wholemodule;
				SWIFT_OPTIMIZATION_LEVEL = "-O";
				VALIDATE_PRODUCT = YES;
			};
			name = Release;
		};
		9D65DEA02615B41F0054724A /* Debug */ = {
			isa = XCBuildConfiguration;
			baseConfigurationReference = BC22A69AF448C4CCEE1CE2B0 /* Pods-PanSwift.debug.xcconfig */;
			buildSettings = {
				ASSETCATALOG_COMPILER_APPICON_NAME = AppIcon;
				ASSETCATALOG_COMPILER_GLOBAL_ACCENT_COLOR_NAME = AccentColor;
				ASSETCATALOG_COMPILER_INCLUDE_ALL_APPICON_ASSETS = YES;
				CLANG_ENABLE_MODULES = YES;
				CODE_SIGN_STYLE = Automatic;
				DEVELOPMENT_TEAM = DQFEA2B5H2;
				INFOPLIST_FILE = "PanSwift/Supporting Files/Info.plist";
				IPHONEOS_DEPLOYMENT_TARGET = 14.1;
				LD_RUNPATH_SEARCH_PATHS = (
					"$(inherited)",
					"@executable_path/Frameworks",
				);
				PRODUCT_BUNDLE_IDENTIFIER = com.heavingsand.PanSwift;
				PRODUCT_NAME = "$(TARGET_NAME)";
				SWIFT_OBJC_BRIDGING_HEADER = "PanSwift/Supporting Files/PanSwift-Bridging-Header.h";
				SWIFT_OPTIMIZATION_LEVEL = "-Onone";
				SWIFT_VERSION = 5.0;
				TARGETED_DEVICE_FAMILY = "1,2";
			};
			name = Debug;
		};
		9D65DEA12615B41F0054724A /* Release */ = {
			isa = XCBuildConfiguration;
			baseConfigurationReference = 0240BE5BC34DCF676F01A978 /* Pods-PanSwift.release.xcconfig */;
			buildSettings = {
				ASSETCATALOG_COMPILER_APPICON_NAME = AppIcon;
				ASSETCATALOG_COMPILER_GLOBAL_ACCENT_COLOR_NAME = AccentColor;
				ASSETCATALOG_COMPILER_INCLUDE_ALL_APPICON_ASSETS = YES;
				CLANG_ENABLE_MODULES = YES;
				CODE_SIGN_STYLE = Automatic;
				DEVELOPMENT_TEAM = DQFEA2B5H2;
				INFOPLIST_FILE = "PanSwift/Supporting Files/Info.plist";
				IPHONEOS_DEPLOYMENT_TARGET = 14.1;
				LD_RUNPATH_SEARCH_PATHS = (
					"$(inherited)",
					"@executable_path/Frameworks",
				);
				PRODUCT_BUNDLE_IDENTIFIER = com.heavingsand.PanSwift;
				PRODUCT_NAME = "$(TARGET_NAME)";
				SWIFT_OBJC_BRIDGING_HEADER = "PanSwift/Supporting Files/PanSwift-Bridging-Header.h";
				SWIFT_VERSION = 5.0;
				TARGETED_DEVICE_FAMILY = "1,2";
			};
			name = Release;
		};
/* End XCBuildConfiguration section */

/* Begin XCConfigurationList section */
		9D65DE862615B41D0054724A /* Build configuration list for PBXProject "PanSwift" */ = {
			isa = XCConfigurationList;
			buildConfigurations = (
				9D65DE9D2615B41F0054724A /* Debug */,
				9D65DE9E2615B41F0054724A /* Release */,
			);
			defaultConfigurationIsVisible = 0;
			defaultConfigurationName = Release;
		};
		9D65DE9F2615B41F0054724A /* Build configuration list for PBXNativeTarget "PanSwift" */ = {
			isa = XCConfigurationList;
			buildConfigurations = (
				9D65DEA02615B41F0054724A /* Debug */,
				9D65DEA12615B41F0054724A /* Release */,
			);
			defaultConfigurationIsVisible = 0;
			defaultConfigurationName = Release;
		};
/* End XCConfigurationList section */

/* Begin XCRemoteSwiftPackageReference section */
		9D105E7D2616FAA8006667CB /* XCRemoteSwiftPackageReference "CombineCocoa" */ = {
			isa = XCRemoteSwiftPackageReference;
			repositoryURL = "https://github.com/CombineCommunity/CombineCocoa.git";
			requirement = {
				kind = upToNextMajorVersion;
				minimumVersion = 0.2.2;
			};
		};
		9D65DEA32615B60F0054724A /* XCRemoteSwiftPackageReference "SnapKit" */ = {
			isa = XCRemoteSwiftPackageReference;
			repositoryURL = "https://github.com/SnapKit/SnapKit.git";
			requirement = {
				kind = upToNextMajorVersion;
				minimumVersion = 5.0.1;
			};
		};
		9D65DEAD2615D3470054724A /* XCRemoteSwiftPackageReference "CombineDataSources" */ = {
			isa = XCRemoteSwiftPackageReference;
			repositoryURL = "https://github.com/combineopensource/CombineDataSources.git";
			requirement = {
				kind = upToNextMajorVersion;
				minimumVersion = 0.2.5;
			};
		};
		9D7061E126244B730016653A /* XCRemoteSwiftPackageReference "Alamofire" */ = {
			isa = XCRemoteSwiftPackageReference;
			repositoryURL = "https://github.com/Alamofire/Alamofire.git";
			requirement = {
				kind = upToNextMinorVersion;
				minimumVersion = 5.4.2;
			};
		};
		9D7061E526244BFA0016653A /* XCRemoteSwiftPackageReference "Kingfisher" */ = {
			isa = XCRemoteSwiftPackageReference;
			repositoryURL = "https://github.com/onevcat/Kingfisher.git";
			requirement = {
				kind = upToNextMajorVersion;
				minimumVersion = 6.2.1;
			};
		};
/* End XCRemoteSwiftPackageReference section */

/* Begin XCSwiftPackageProductDependency section */
		9D105E7E2616FAA8006667CB /* CombineCocoa */ = {
			isa = XCSwiftPackageProductDependency;
			package = 9D105E7D2616FAA8006667CB /* XCRemoteSwiftPackageReference "CombineCocoa" */;
			productName = CombineCocoa;
		};
		9D65DEA42615B60F0054724A /* SnapKit */ = {
			isa = XCSwiftPackageProductDependency;
			package = 9D65DEA32615B60F0054724A /* XCRemoteSwiftPackageReference "SnapKit" */;
			productName = SnapKit;
		};
		9D65DEAE2615D3470054724A /* CombineDataSources */ = {
			isa = XCSwiftPackageProductDependency;
			package = 9D65DEAD2615D3470054724A /* XCRemoteSwiftPackageReference "CombineDataSources" */;
			productName = CombineDataSources;
		};
		9D7061E626244BFA0016653A /* Kingfisher */ = {
			isa = XCSwiftPackageProductDependency;
			package = 9D7061E526244BFA0016653A /* XCRemoteSwiftPackageReference "Kingfisher" */;
			productName = Kingfisher;
		};
/* End XCSwiftPackageProductDependency section */
	};
	rootObject = 9D65DE832615B41D0054724A /* Project object */;
}
